
Microsoft Visual Studio Solution File, Format Version 12.00
# Visual Studio Version 17
VisualStudioVersion = 17.4.33403.182
MinimumVisualStudioVersion = 10.0.40219.1
Project("{2150E333-8FDC-42A3-9474-1A3956D46DE8}") = "Applications", "Applications", "{F83CEAE8-A524-40AA-BCD7-7C32A5BAACF3}"
EndProject
Project("{2150E333-8FDC-42A3-9474-1A3956D46DE8}") = "Domains", "Domains", "{ADC79997-0FC9-4006-AA08-D65B679966D1}"
EndProject
Project("{2150E333-8FDC-42A3-9474-1A3956D46DE8}") = "Infrastructures", "Infrastructures", "{54C94A23-8816-46A8-A724-7C195918E720}"
EndProject
Project("{2150E333-8FDC-42A3-9474-1A3956D46DE8}") = "BusinessRules", "BusinessRules", "{0B9A2579-7ED2-4EE2-8E7B-3D035A33DE44}"
EndProject
Project("{9A19103F-16F7-4668-BE54-9A1E7A4F7556}") = "Common", "src\Common\Common.csproj", "{12C76E47-0D0E-4359-9652-2927A32AAFC2}"
EndProject
Project("{9A19103F-16F7-4668-BE54-9A1E7A4F7556}") = "Database.Factory", "src\Database.Factory\Database.Factory.csproj", "{1785D301-53C8-4EF0-A5D8-0341E4C6E898}"
EndProject
Project("{9A19103F-16F7-4668-BE54-9A1E7A4F7556}") = "WorkerService", "src\WorkerService\WorkerService.csproj", "{1CEF486F-EEBF-45C3-B9A5-8D26391F6596}"
EndProject
Project("{2150E333-8FDC-42A3-9474-1A3956D46DE8}") = "Authority", "Authority", "{67E62335-0730-4270-9A29-1741FDD42D49}"
EndProject
Project("{2150E333-8FDC-42A3-9474-1A3956D46DE8}") = "Wms", "Wms", "{6DF110CD-CD92-4307-9244-027337919571}"
EndProject
Project("{2150E333-8FDC-42A3-9474-1A3956D46DE8}") = "Inbound", "Inbound", "{841E6AA7-BA1A-49B3-8984-DBB07916B5D9}"
EndProject
Project("{2150E333-8FDC-42A3-9474-1A3956D46DE8}") = "Outbound", "Outbound", "{DA1521C1-4673-4C2A-BC20-BF41A1F4416E}"
EndProject
Project("{2150E333-8FDC-42A3-9474-1A3956D46DE8}") = "TaxBookkeeping", "TaxBookkeeping", "{27EB2D70-0477-472D-B887-F0462351E263}"
EndProject
Project("{2150E333-8FDC-42A3-9474-1A3956D46DE8}") = "Database", "Database", "{4B2F70FD-D001-42E1-ADF9-5F4350247E2A}"
EndProject
Project("{9A19103F-16F7-4668-BE54-9A1E7A4F7556}") = "CRM.Mapping", "src\CRM.Mapping\CRM.Mapping.csproj", "{F9296557-2F94-433B-BBFF-A92471F2C556}"
EndProject
Project("{9A19103F-16F7-4668-BE54-9A1E7A4F7556}") = "Miscelaneas.Mapping", "src\Miscelaneas.Mapping\Miscelaneas.Mapping.csproj", "{1F0708D4-17E6-44F4-BE18-A88C50850368}"
EndProject
Project("{9A19103F-16F7-4668-BE54-9A1E7A4F7556}") = "Authority.Mapping", "src\Authority.Mapping\Authority.Mapping.csproj", "{DA32AAFC-77D7-416B-91F1-8090D4126F90}"
EndProject
Project("{9A19103F-16F7-4668-BE54-9A1E7A4F7556}") = "Inbound.Mapping", "src\Inbound.Mapping\Inbound.Mapping.csproj", "{C016253C-0A94-4FDF-BAF5-0330C4E366CF}"
EndProject
Project("{9A19103F-16F7-4668-BE54-9A1E7A4F7556}") = "Outbound.Mapping", "src\Outbound.Mapping\Outbound.Mapping.csproj", "{7840F230-9101-4E26-9CB3-D899A5ABB897}"
EndProject
Project("{9A19103F-16F7-4668-BE54-9A1E7A4F7556}") = "TaxBookkeeping.Mapping", "src\TaxBookkeeping.Mapping\TaxBookkeeping.Mapping.csproj", "{4F8D8B29-061B-401B-B0D0-B2DBB4BB13ED}"
EndProject
Project("{9A19103F-16F7-4668-BE54-9A1E7A4F7556}") = "Wms.Mapping", "src\Wms.Mapping\Wms.Mapping.csproj", "{5F2A3FA1-AA16-4147-B475-131D13EE86A8}"
EndProject
Project("{FAE04EC0-301F-11D3-BF4B-00C04F79EFBC}") = "Catalog.Mapping", "src\Catalog.Mapping\Catalog.Mapping.csproj", "{1B39F7A6-1042-4B3C-881B-6543B835C1E2}"
EndProject
Project("{FAE04EC0-301F-11D3-BF4B-00C04F79EFBC}") = "Catalog.Entities", "src\Catalog.Entities\Catalog.Entities.csproj", "{44551AD2-AC2B-4EB4-8280-15C6F991FD64}"
EndProject
Project("{FAE04EC0-301F-11D3-BF4B-00C04F79EFBC}") = "Authority.Entities", "src\Authority.Entities\Authority.Entities.csproj", "{EA0610F0-1D5A-4559-A3EE-C64701E6D34D}"
EndProject
Project("{FAE04EC0-301F-11D3-BF4B-00C04F79EFBC}") = "Inbound.Entities", "src\Inbound.Entities\Inbound.Entities.csproj", "{A744D4A0-6316-47A3-B9AA-7557F805BDF4}"
EndProject
Project("{FAE04EC0-301F-11D3-BF4B-00C04F79EFBC}") = "Outbound.Entities", "src\Outbound.Entities\Outbound.Entities.csproj", "{BF3A4578-2577-4E73-B885-A9085907E27F}"
EndProject
Project("{FAE04EC0-301F-11D3-BF4B-00C04F79EFBC}") = "TaxBookkeeping.Entities", "src\TaxBookkeeping.Entities\TaxBookkeeping.Entities.csproj", "{E12091A5-321D-4F0B-B951-107CC1F4EF6E}"
EndProject
Project("{FAE04EC0-301F-11D3-BF4B-00C04F79EFBC}") = "WMS.Entities", "src\WMS.Entities\WMS.Entities.csproj", "{AB07D5C3-CF56-43A5-9E64-2AB6140D652B}"
EndProject
Global
	GlobalSection(SolutionConfigurationPlatforms) = preSolution
		Debug|Any CPU = Debug|Any CPU
		Release|Any CPU = Release|Any CPU
	EndGlobalSection
	GlobalSection(ProjectConfigurationPlatforms) = postSolution
		{12C76E47-0D0E-4359-9652-2927A32AAFC2}.Debug|Any CPU.ActiveCfg = Debug|Any CPU
		{12C76E47-0D0E-4359-9652-2927A32AAFC2}.Debug|Any CPU.Build.0 = Debug|Any CPU
		{12C76E47-0D0E-4359-9652-2927A32AAFC2}.Release|Any CPU.ActiveCfg = Release|Any CPU
		{12C76E47-0D0E-4359-9652-2927A32AAFC2}.Release|Any CPU.Build.0 = Release|Any CPU
		{1785D301-53C8-4EF0-A5D8-0341E4C6E898}.Debug|Any CPU.ActiveCfg = Debug|Any CPU
		{1785D301-53C8-4EF0-A5D8-0341E4C6E898}.Debug|Any CPU.Build.0 = Debug|Any CPU
		{1785D301-53C8-4EF0-A5D8-0341E4C6E898}.Release|Any CPU.ActiveCfg = Release|Any CPU
		{1785D301-53C8-4EF0-A5D8-0341E4C6E898}.Release|Any CPU.Build.0 = Release|Any CPU
		{1CEF486F-EEBF-45C3-B9A5-8D26391F6596}.Debug|Any CPU.ActiveCfg = Debug|Any CPU
		{1CEF486F-EEBF-45C3-B9A5-8D26391F6596}.Debug|Any CPU.Build.0 = Debug|Any CPU
		{1CEF486F-EEBF-45C3-B9A5-8D26391F6596}.Release|Any CPU.ActiveCfg = Release|Any CPU
		{1CEF486F-EEBF-45C3-B9A5-8D26391F6596}.Release|Any CPU.Build.0 = Release|Any CPU
		{F9296557-2F94-433B-BBFF-A92471F2C556}.Debug|Any CPU.ActiveCfg = Debug|Any CPU
		{F9296557-2F94-433B-BBFF-A92471F2C556}.Debug|Any CPU.Build.0 = Debug|Any CPU
		{F9296557-2F94-433B-BBFF-A92471F2C556}.Release|Any CPU.ActiveCfg = Release|Any CPU
		{F9296557-2F94-433B-BBFF-A92471F2C556}.Release|Any CPU.Build.0 = Release|Any CPU
		{1F0708D4-17E6-44F4-BE18-A88C50850368}.Debug|Any CPU.ActiveCfg = Debug|Any CPU
		{1F0708D4-17E6-44F4-BE18-A88C50850368}.Debug|Any CPU.Build.0 = Debug|Any CPU
		{1F0708D4-17E6-44F4-BE18-A88C50850368}.Release|Any CPU.ActiveCfg = Release|Any CPU
		{1F0708D4-17E6-44F4-BE18-A88C50850368}.Release|Any CPU.Build.0 = Release|Any CPU
		{DA32AAFC-77D7-416B-91F1-8090D4126F90}.Debug|Any CPU.ActiveCfg = Debug|Any CPU
		{DA32AAFC-77D7-416B-91F1-8090D4126F90}.Debug|Any CPU.Build.0 = Debug|Any CPU
		{DA32AAFC-77D7-416B-91F1-8090D4126F90}.Release|Any CPU.ActiveCfg = Release|Any CPU
		{DA32AAFC-77D7-416B-91F1-8090D4126F90}.Release|Any CPU.Build.0 = Release|Any CPU
		{C016253C-0A94-4FDF-BAF5-0330C4E366CF}.Debug|Any CPU.ActiveCfg = Debug|Any CPU
		{C016253C-0A94-4FDF-BAF5-0330C4E366CF}.Debug|Any CPU.Build.0 = Debug|Any CPU
		{C016253C-0A94-4FDF-BAF5-0330C4E366CF}.Release|Any CPU.ActiveCfg = Release|Any CPU
		{C016253C-0A94-4FDF-BAF5-0330C4E366CF}.Release|Any CPU.Build.0 = Release|Any CPU
		{7840F230-9101-4E26-9CB3-D899A5ABB897}.Debug|Any CPU.ActiveCfg = Debug|Any CPU
		{7840F230-9101-4E26-9CB3-D899A5ABB897}.Debug|Any CPU.Build.0 = Debug|Any CPU
		{7840F230-9101-4E26-9CB3-D899A5ABB897}.Release|Any CPU.ActiveCfg = Release|Any CPU
		{7840F230-9101-4E26-9CB3-D899A5ABB897}.Release|Any CPU.Build.0 = Release|Any CPU
		{4F8D8B29-061B-401B-B0D0-B2DBB4BB13ED}.Debug|Any CPU.ActiveCfg = Debug|Any CPU
		{4F8D8B29-061B-401B-B0D0-B2DBB4BB13ED}.Debug|Any CPU.Build.0 = Debug|Any CPU
		{4F8D8B29-061B-401B-B0D0-B2DBB4BB13ED}.Release|Any CPU.ActiveCfg = Release|Any CPU
		{4F8D8B29-061B-401B-B0D0-B2DBB4BB13ED}.Release|Any CPU.Build.0 = Release|Any CPU
		{5F2A3FA1-AA16-4147-B475-131D13EE86A8}.Debug|Any CPU.ActiveCfg = Debug|Any CPU
		{5F2A3FA1-AA16-4147-B475-131D13EE86A8}.Debug|Any CPU.Build.0 = Debug|Any CPU
		{5F2A3FA1-AA16-4147-B475-131D13EE86A8}.Release|Any CPU.ActiveCfg = Release|Any CPU
		{5F2A3FA1-AA16-4147-B475-131D13EE86A8}.Release|Any CPU.Build.0 = Release|Any CPU
		{1B39F7A6-1042-4B3C-881B-6543B835C1E2}.Debug|Any CPU.ActiveCfg = Debug|Any CPU
		{1B39F7A6-1042-4B3C-881B-6543B835C1E2}.Debug|Any CPU.Build.0 = Debug|Any CPU
		{1B39F7A6-1042-4B3C-881B-6543B835C1E2}.Release|Any CPU.ActiveCfg = Release|Any CPU
		{1B39F7A6-1042-4B3C-881B-6543B835C1E2}.Release|Any CPU.Build.0 = Release|Any CPU
		{44551AD2-AC2B-4EB4-8280-15C6F991FD64}.Debug|Any CPU.ActiveCfg = Debug|Any CPU
		{44551AD2-AC2B-4EB4-8280-15C6F991FD64}.Debug|Any CPU.Build.0 = Debug|Any CPU
		{44551AD2-AC2B-4EB4-8280-15C6F991FD64}.Release|Any CPU.ActiveCfg = Release|Any CPU
		{44551AD2-AC2B-4EB4-8280-15C6F991FD64}.Release|Any CPU.Build.0 = Release|Any CPU
		{EA0610F0-1D5A-4559-A3EE-C64701E6D34D}.Debug|Any CPU.ActiveCfg = Debug|Any CPU
		{EA0610F0-1D5A-4559-A3EE-C64701E6D34D}.Debug|Any CPU.Build.0 = Debug|Any CPU
		{EA0610F0-1D5A-4559-A3EE-C64701E6D34D}.Release|Any CPU.ActiveCfg = Release|Any CPU
		{EA0610F0-1D5A-4559-A3EE-C64701E6D34D}.Release|Any CPU.Build.0 = Release|Any CPU
		{A744D4A0-6316-47A3-B9AA-7557F805BDF4}.Debug|Any CPU.ActiveCfg = Debug|Any CPU
		{A744D4A0-6316-47A3-B9AA-7557F805BDF4}.Debug|Any CPU.Build.0 = Debug|Any CPU
		{A744D4A0-6316-47A3-B9AA-7557F805BDF4}.Release|Any CPU.ActiveCfg = Release|Any CPU
		{A744D4A0-6316-47A3-B9AA-7557F805BDF4}.Release|Any CPU.Build.0 = Release|Any CPU
		{BF3A4578-2577-4E73-B885-A9085907E27F}.Debug|Any CPU.ActiveCfg = Debug|Any CPU
		{BF3A4578-2577-4E73-B885-A9085907E27F}.Debug|Any CPU.Build.0 = Debug|Any CPU
		{BF3A4578-2577-4E73-B885-A9085907E27F}.Release|Any CPU.ActiveCfg = Release|Any CPU
		{BF3A4578-2577-4E73-B885-A9085907E27F}.Release|Any CPU.Build.0 = Release|Any CPU
		{E12091A5-321D-4F0B-B951-107CC1F4EF6E}.Debug|Any CPU.ActiveCfg = Debug|Any CPU
		{E12091A5-321D-4F0B-B951-107CC1F4EF6E}.Debug|Any CPU.Build.0 = Debug|Any CPU
		{E12091A5-321D-4F0B-B951-107CC1F4EF6E}.Release|Any CPU.ActiveCfg = Release|Any CPU
		{E12091A5-321D-4F0B-B951-107CC1F4EF6E}.Release|Any CPU.Build.0 = Release|Any CPU
		{AB07D5C3-CF56-43A5-9E64-2AB6140D652B}.Debug|Any CPU.ActiveCfg = Debug|Any CPU
		{AB07D5C3-CF56-43A5-9E64-2AB6140D652B}.Debug|Any CPU.Build.0 = Debug|Any CPU
		{AB07D5C3-CF56-43A5-9E64-2AB6140D652B}.Release|Any CPU.ActiveCfg = Release|Any CPU
		{AB07D5C3-CF56-43A5-9E64-2AB6140D652B}.Release|Any CPU.Build.0 = Release|Any CPU
	EndGlobalSection
	GlobalSection(SolutionProperties) = preSolution
		HideSolutionNode = FALSE
	EndGlobalSection
	GlobalSection(NestedProjects) = preSolution
		{12C76E47-0D0E-4359-9652-2927A32AAFC2} = {ADC79997-0FC9-4006-AA08-D65B679966D1}
		{1785D301-53C8-4EF0-A5D8-0341E4C6E898} = {54C94A23-8816-46A8-A724-7C195918E720}
		{1CEF486F-EEBF-45C3-B9A5-8D26391F6596} = {F83CEAE8-A524-40AA-BCD7-7C32A5BAACF3}
		{67E62335-0730-4270-9A29-1741FDD42D49} = {ADC79997-0FC9-4006-AA08-D65B679966D1}
		{6DF110CD-CD92-4307-9244-027337919571} = {ADC79997-0FC9-4006-AA08-D65B679966D1}
		{841E6AA7-BA1A-49B3-8984-DBB07916B5D9} = {ADC79997-0FC9-4006-AA08-D65B679966D1}
		{DA1521C1-4673-4C2A-BC20-BF41A1F4416E} = {ADC79997-0FC9-4006-AA08-D65B679966D1}
		{27EB2D70-0477-472D-B887-F0462351E263} = {ADC79997-0FC9-4006-AA08-D65B679966D1}
		{4B2F70FD-D001-42E1-ADF9-5F4350247E2A} = {54C94A23-8816-46A8-A724-7C195918E720}
		{F9296557-2F94-433B-BBFF-A92471F2C556} = {4B2F70FD-D001-42E1-ADF9-5F4350247E2A}
		{1F0708D4-17E6-44F4-BE18-A88C50850368} = {4B2F70FD-D001-42E1-ADF9-5F4350247E2A}
		{DA32AAFC-77D7-416B-91F1-8090D4126F90} = {4B2F70FD-D001-42E1-ADF9-5F4350247E2A}
		{C016253C-0A94-4FDF-BAF5-0330C4E366CF} = {4B2F70FD-D001-42E1-ADF9-5F4350247E2A}
		{7840F230-9101-4E26-9CB3-D899A5ABB897} = {4B2F70FD-D001-42E1-ADF9-5F4350247E2A}
		{4F8D8B29-061B-401B-B0D0-B2DBB4BB13ED} = {4B2F70FD-D001-42E1-ADF9-5F4350247E2A}
		{5F2A3FA1-AA16-4147-B475-131D13EE86A8} = {4B2F70FD-D001-42E1-ADF9-5F4350247E2A}
		{1B39F7A6-1042-4B3C-881B-6543B835C1E2} = {4B2F70FD-D001-42E1-ADF9-5F4350247E2A}
		{44551AD2-AC2B-4EB4-8280-15C6F991FD64} = {ADC79997-0FC9-4006-AA08-D65B679966D1}
		{EA0610F0-1D5A-4559-A3EE-C64701E6D34D} = {ADC79997-0FC9-4006-AA08-D65B679966D1}
		{A744D4A0-6316-47A3-B9AA-7557F805BDF4} = {ADC79997-0FC9-4006-AA08-D65B679966D1}
		{BF3A4578-2577-4E73-B885-A9085907E27F} = {ADC79997-0FC9-4006-AA08-D65B679966D1}
		{E12091A5-321D-4F0B-B951-107CC1F4EF6E} = {ADC79997-0FC9-4006-AA08-D65B679966D1}
		{AB07D5C3-CF56-43A5-9E64-2AB6140D652B} = {ADC79997-0FC9-4006-AA08-D65B679966D1}
	EndGlobalSection
	GlobalSection(ExtensibilityGlobals) = postSolution
		SolutionGuid = {626E66DB-2551-42BE-A488-7FCF0157931E}
	EndGlobalSection
EndGlobal
